{
  "name": "freshbooks-cli",
  "version": "0.1.0",
  "lockfileVersion": 3,
  "requires": true,
  "packages": {
    "": {
      "name": "freshbooks-cli",
      "version": "0.1.0",
      "license": "MIT",
      "bin": {
        "freshbooks": "bin/freshbooks.js"
      },
      "engines": {
        "node": ">=22"
      }
    }
  }
}
